{
  "name": "Studio",
  "lockfileVersion": 3,
  "requires": true,
  "packages": {
    "": {
      "dependencies": {
        "@spectrum-icons/workflow": "^4.2.12",
        "allotment": "^1.20.2"
      }
    },
    "node_modules/@adobe/react-spectrum-workflow": {
      "version": "2.3.4",
      "resolved": "https://registry.npmjs.org/@adobe/react-spectrum-workflow/-/react-spectrum-workflow-2.3.4.tgz",
      "integrity": "sha512-XPLzIBl58HdLF9WIPB7RDAvVXvCE3SjG+HaWQhW2P9MnxSz1DEA9O7mlTlYblJkMbfk10T/+RFaSupc1yoN+TA==",
      "peerDependencies": {
        "react": "^16.8.0 || ^17.0.0-rc.1 || ^18.0.0",
        "react-dom": "^16.8.0 || ^17.0.0-rc.1 || ^18.0.0"
      }
    },
    "node_modules/@formatjs/ecma402-abstract": {
      "version": "2.0.0",
      "resolved": "https://registry.npmjs.org/@formatjs/ecma402-abstract/-/ecma402-abstract-2.0.0.tgz",
      "integrity": "sha512-rRqXOqdFmk7RYvj4khklyqzcfQl9vEL/usogncBHRZfZBDOwMGuSRNFl02fu5KGHXdbinju+YXyuR+Nk8xlr/g==",
      "dependencies": {
        "@formatjs/intl-localematcher": "0.5.4",
        "tslib": "^2.4.0"
      }
    },
    "node_modules/@formatjs/fast-memoize": {
      "version": "2.2.0",
      "resolved": "https://registry.npmjs.org/@formatjs/fast-memoize/-/fast-memoize-2.2.0.tgz",
      "integrity": "sha512-hnk/nY8FyrL5YxwP9e4r9dqeM6cAbo8PeU9UjyXojZMNvVad2Z06FAVHyR3Ecw6fza+0GH7vdJgiKIVXTMbSBA==",
      "dependencies": {
        "tslib": "^2.4.0"
      }
    },
    "node_modules/@formatjs/icu-messageformat-parser": {
      "version": "2.7.8",
      "resolved": "https://registry.npmjs.org/@formatjs/icu-messageformat-parser/-/icu-messageformat-parser-2.7.8.tgz",
      "integrity": "sha512-nBZJYmhpcSX0WeJ5SDYUkZ42AgR3xiyhNCsQweFx3cz/ULJjym8bHAzWKvG5e2+1XO98dBYC0fWeeAECAVSwLA==",
      "dependencies": {
        "@formatjs/ecma402-abstract": "2.0.0",
        "@formatjs/icu-skeleton-parser": "1.8.2",
        "tslib": "^2.4.0"
      }
    },
    "node_modules/@formatjs/icu-skeleton-parser": {
      "version": "1.8.2",
      "resolved": "https://registry.npmjs.org/@formatjs/icu-skeleton-parser/-/icu-skeleton-parser-1.8.2.tgz",
      "integrity": "sha512-k4ERKgw7aKGWJZgTarIcNEmvyTVD9FYh0mTrrBMHZ1b8hUu6iOJ4SzsZlo3UNAvHYa+PnvntIwRPt1/vy4nA9Q==",
      "dependencies": {
        "@formatjs/ecma402-abstract": "2.0.0",
        "tslib": "^2.4.0"
      }
    },
    "node_modules/@formatjs/intl-localematcher": {
      "version": "0.5.4",
      "resolved": "https://registry.npmjs.org/@formatjs/intl-localematcher/-/intl-localematcher-0.5.4.tgz",
      "integrity": "sha512-zTwEpWOzZ2CiKcB93BLngUX59hQkuZjT2+SAQEscSm52peDW/getsawMcWF1rGRpMCX6D7nSJA3CzJ8gn13N/g==",
      "dependencies": {
        "tslib": "^2.4.0"
      }
    },
    "node_modules/@internationalized/date": {
      "version": "3.5.4",
      "resolved": "https://registry.npmjs.org/@internationalized/date/-/date-3.5.4.tgz",
      "integrity": "sha512-qoVJVro+O0rBaw+8HPjUB1iH8Ihf8oziEnqMnvhJUSuVIrHOuZ6eNLHNvzXJKUvAtaDiqMnRlg8Z2mgh09BlUw==",
      "dependencies": {
        "@swc/helpers": "^0.5.0"
      }
    },
    "node_modules/@internationalized/message": {
      "version": "3.1.4",
      "resolved": "https://registry.npmjs.org/@internationalized/message/-/message-3.1.4.tgz",
      "integrity": "sha512-Dygi9hH1s7V9nha07pggCkvmRfDd3q2lWnMGvrJyrOwYMe1yj4D2T9BoH9I6MGR7xz0biQrtLPsqUkqXzIrBOw==",
      "dependencies": {
        "@swc/helpers": "^0.5.0",
        "intl-messageformat": "^10.1.0"
      }
    },
    "node_modules/@internationalized/number": {
      "version": "3.5.3",
      "resolved": "https://registry.npmjs.org/@internationalized/number/-/number-3.5.3.tgz",
      "integrity": "sha512-rd1wA3ebzlp0Mehj5YTuTI50AQEx80gWFyHcQu+u91/5NgdwBecO8BH6ipPfE+lmQ9d63vpB3H9SHoIUiupllw==",
      "dependencies": {
        "@swc/helpers": "^0.5.0"
      }
    },
    "node_modules/@internationalized/string": {
      "version": "3.2.3",
      "resolved": "https://registry.npmjs.org/@internationalized/string/-/string-3.2.3.tgz",
      "integrity": "sha512-9kpfLoA8HegiWTeCbR2livhdVeKobCnVv8tlJ6M2jF+4tcMqDo94ezwlnrUANBWPgd8U7OXIHCk2Ov2qhk4KXw==",
      "dependencies": {
        "@swc/helpers": "^0.5.0"
      }
    },
    "node_modules/@juggle/resize-observer": {
      "version": "3.4.0",
      "resolved": "https://registry.npmjs.org/@juggle/resize-observer/-/resize-observer-3.4.0.tgz",
      "integrity": "sha512-dfLbk+PwWvFzSxwk3n5ySL0hfBog779o8h68wK/7/APo/7cgyWp5jcXockbxdk5kFRkbeXWm4Fbi9FrdN381sA=="
    },
    "node_modules/@react-aria/focus": {
      "version": "3.17.1",
      "resolved": "https://registry.npmjs.org/@react-aria/focus/-/focus-3.17.1.tgz",
      "integrity": "sha512-FLTySoSNqX++u0nWZJPPN5etXY0WBxaIe/YuL/GTEeuqUIuC/2bJSaw5hlsM6T2yjy6Y/VAxBcKSdAFUlU6njQ==",
      "peer": true,
      "dependencies": {
        "@react-aria/interactions": "^3.21.3",
        "@react-aria/utils": "^3.24.1",
        "@react-types/shared": "^3.23.1",
        "@swc/helpers": "^0.5.0",
        "clsx": "^2.0.0"
      },
      "peerDependencies": {
        "react": "^16.8.0 || ^17.0.0-rc.1 || ^18.0.0"
      }
    },
    "node_modules/@react-aria/i18n": {
      "version": "3.11.1",
      "resolved": "https://registry.npmjs.org/@react-aria/i18n/-/i18n-3.11.1.tgz",
      "integrity": "sha512-vuiBHw1kZruNMYeKkTGGnmPyMnM5T+gT8bz97H1FqIq1hQ6OPzmtBZ6W6l6OIMjeHI5oJo4utTwfZl495GALFQ==",
      "dependencies": {
        "@internationalized/date": "^3.5.4",
        "@internationalized/message": "^3.1.4",
        "@internationalized/number": "^3.5.3",
        "@internationalized/string": "^3.2.3",
        "@react-aria/ssr": "^3.9.4",
        "@react-aria/utils": "^3.24.1",
        "@react-types/shared": "^3.23.1",
        "@swc/helpers": "^0.5.0"
      },
      "peerDependencies": {
        "react": "^16.8.0 || ^17.0.0-rc.1 || ^18.0.0"
      }
    },
    "node_modules/@react-aria/interactions": {
      "version": "3.21.3",
      "resolved": "https://registry.npmjs.org/@react-aria/interactions/-/interactions-3.21.3.tgz",
      "integrity": "sha512-BWIuf4qCs5FreDJ9AguawLVS0lV9UU+sK4CCnbCNNmYqOWY+1+gRXCsnOM32K+oMESBxilAjdHW5n1hsMqYMpA==",
      "peer": true,
      "dependencies": {
        "@react-aria/ssr": "^3.9.4",
        "@react-aria/utils": "^3.24.1",
        "@react-types/shared": "^3.23.1",
        "@swc/helpers": "^0.5.0"
      },
      "peerDependencies": {
        "react": "^16.8.0 || ^17.0.0-rc.1 || ^18.0.0"
      }
    },
    "node_modules/@react-aria/overlays": {
      "version": "3.22.1",
      "resolved": "https://registry.npmjs.org/@react-aria/overlays/-/overlays-3.22.1.tgz",
      "integrity": "sha512-GHiFMWO4EQ6+j6b5QCnNoOYiyx1Gk8ZiwLzzglCI4q1NY5AG2EAmfU4Z1+Gtrf2S5Y0zHbumC7rs9GnPoGLUYg==",
      "peer": true,
      "dependencies": {
        "@react-aria/focus": "^3.17.1",
        "@react-aria/i18n": "^3.11.1",
        "@react-aria/interactions": "^3.21.3",
        "@react-aria/ssr": "^3.9.4",
        "@react-aria/utils": "^3.24.1",
        "@react-aria/visually-hidden": "^3.8.12",
        "@react-stately/overlays": "^3.6.7",
        "@react-types/button": "^3.9.4",
        "@react-types/overlays": "^3.8.7",
        "@react-types/shared": "^3.23.1",
        "@swc/helpers": "^0.5.0"
      },
      "peerDependencies": {
        "react": "^16.8.0 || ^17.0.0-rc.1 || ^18.0.0",
        "react-dom": "^16.8.0 || ^17.0.0-rc.1 || ^18.0.0"
      }
    },
    "node_modules/@react-aria/ssr": {
      "version": "3.9.4",
      "resolved": "https://registry.npmjs.org/@react-aria/ssr/-/ssr-3.9.4.tgz",
      "integrity": "sha512-4jmAigVq409qcJvQyuorsmBR4+9r3+JEC60wC+Y0MZV0HCtTmm8D9guYXlJMdx0SSkgj0hHAyFm/HvPNFofCoQ==",
      "dependencies": {
        "@swc/helpers": "^0.5.0"
      },
      "engines": {
        "node": ">= 12"
      },
      "peerDependencies": {
        "react": "^16.8.0 || ^17.0.0-rc.1 || ^18.0.0"
      }
    },
    "node_modules/@react-aria/utils": {
      "version": "3.24.1",
      "resolved": "https://registry.npmjs.org/@react-aria/utils/-/utils-3.24.1.tgz",
      "integrity": "sha512-O3s9qhPMd6n42x9sKeJ3lhu5V1Tlnzhu6Yk8QOvDuXf7UGuUjXf9mzfHJt1dYzID4l9Fwm8toczBzPM9t0jc8Q==",
      "dependencies": {
        "@react-aria/ssr": "^3.9.4",
        "@react-stately/utils": "^3.10.1",
        "@react-types/shared": "^3.23.1",
        "@swc/helpers": "^0.5.0",
        "clsx": "^2.0.0"
      },
      "peerDependencies": {
        "react": "^16.8.0 || ^17.0.0-rc.1 || ^18.0.0"
      }
    },
    "node_modules/@react-aria/visually-hidden": {
      "version": "3.8.12",
      "resolved": "https://registry.npmjs.org/@react-aria/visually-hidden/-/visually-hidden-3.8.12.tgz",
      "integrity": "sha512-Bawm+2Cmw3Xrlr7ARzl2RLtKh0lNUdJ0eNqzWcyx4c0VHUAWtThmH5l+HRqFUGzzutFZVo89SAy40BAbd0gjVw==",
      "peer": true,
      "dependencies": {
        "@react-aria/interactions": "^3.21.3",
        "@react-aria/utils": "^3.24.1",
        "@react-types/shared": "^3.23.1",
        "@swc/helpers": "^0.5.0"
      },
      "peerDependencies": {
        "react": "^16.8.0 || ^17.0.0-rc.1 || ^18.0.0"
      }
    },
    "node_modules/@react-spectrum/icon": {
      "version": "3.7.13",
      "resolved": "https://registry.npmjs.org/@react-spectrum/icon/-/icon-3.7.13.tgz",
      "integrity": "sha512-hbd1OZ2UOOZ807zkU/ay8TWQOSnB56cj9HHm3FzUBjpTwpt849Pvk4TBO5K2SAmuQi4gslmvFGmd8BoOEoEcjg==",
      "dependencies": {
        "@react-aria/utils": "^3.24.1",
        "@react-spectrum/utils": "^3.11.7",
        "@react-types/shared": "^3.23.1",
        "@swc/helpers": "^0.5.0"
      },
      "peerDependencies": {
        "@react-spectrum/provider": "^3.0.0",
        "react": "^16.8.0 || ^17.0.0-rc.1 || ^18.0.0"
      }
    },
    "node_modules/@react-spectrum/provider": {
      "version": "3.9.7",
      "resolved": "https://registry.npmjs.org/@react-spectrum/provider/-/provider-3.9.7.tgz",
      "integrity": "sha512-VRu8cOWrLJU/Krulo8njfPCMeJT+uu1k9GjFZ9Cw88mHGW7a3MK54IzI5p2evLPab7pgplPIoJcv3bC2XB+DAA==",
      "peer": true,
      "dependencies": {
        "@react-aria/i18n": "^3.11.1",
        "@react-aria/overlays": "^3.22.1",
        "@react-aria/utils": "^3.24.1",
        "@react-spectrum/utils": "^3.11.7",
        "@react-types/provider": "^3.8.1",
        "@react-types/shared": "^3.23.1",
        "@swc/helpers": "^0.5.0",
        "clsx": "^2.0.0"
      },
      "peerDependencies": {
        "react": "^16.8.0 || ^17.0.0-rc.1 || ^18.0.0",
        "react-dom": "^16.8.0 || ^17.0.0-rc.1 || ^18.0.0"
      }
    },
    "node_modules/@react-spectrum/utils": {
      "version": "3.11.7",
      "resolved": "https://registry.npmjs.org/@react-spectrum/utils/-/utils-3.11.7.tgz",
      "integrity": "sha512-o/9zTvUor0EaRwKZWVlgOcyvH+/JIBsNxuvhDgCP5lD868KoZePmx1L64TejUqK/swwH8jr35gyULpYU2kQXRw==",
      "dependencies": {
        "@react-aria/i18n": "^3.11.1",
        "@react-aria/ssr": "^3.9.4",
        "@react-aria/utils": "^3.24.1",
        "@react-types/shared": "^3.23.1",
        "@swc/helpers": "^0.5.0",
        "clsx": "^2.0.0"
      },
      "peerDependencies": {
        "react": "^16.8.0 || ^17.0.0-rc.1 || ^18.0.0"
      }
    },
    "node_modules/@react-stately/overlays": {
      "version": "3.6.7",
      "resolved": "https://registry.npmjs.org/@react-stately/overlays/-/overlays-3.6.7.tgz",
      "integrity": "sha512-6zp8v/iNUm6YQap0loaFx6PlvN8C0DgWHNlrlzMtMmNuvjhjR0wYXVaTfNoUZBWj25tlDM81ukXOjpRXg9rLrw==",
      "peer": true,
      "dependencies": {
        "@react-stately/utils": "^3.10.1",
        "@react-types/overlays": "^3.8.7",
        "@swc/helpers": "^0.5.0"
      },
      "peerDependencies": {
        "react": "^16.8.0 || ^17.0.0-rc.1 || ^18.0.0"
      }
    },
    "node_modules/@react-stately/utils": {
      "version": "3.10.1",
      "resolved": "https://registry.npmjs.org/@react-stately/utils/-/utils-3.10.1.tgz",
      "integrity": "sha512-VS/EHRyicef25zDZcM/ClpzYMC5i2YGN6uegOeQawmgfGjb02yaCX0F0zR69Pod9m2Hr3wunTbtpgVXvYbZItg==",
      "dependencies": {
        "@swc/helpers": "^0.5.0"
      },
      "peerDependencies": {
        "react": "^16.8.0 || ^17.0.0-rc.1 || ^18.0.0"
      }
    },
    "node_modules/@react-types/button": {
      "version": "3.9.4",
      "resolved": "https://registry.npmjs.org/@react-types/button/-/button-3.9.4.tgz",
      "integrity": "sha512-raeQBJUxBp0axNF74TXB8/H50GY8Q3eV6cEKMbZFP1+Dzr09Ngv0tJBeW0ewAxAguNH5DRoMUAUGIXtSXskVdA==",
      "peer": true,
      "dependencies": {
        "@react-types/shared": "^3.23.1"
      },
      "peerDependencies": {
        "react": "^16.8.0 || ^17.0.0-rc.1 || ^18.0.0"
      }
    },
    "node_modules/@react-types/overlays": {
      "version": "3.8.7",
      "resolved": "https://registry.npmjs.org/@react-types/overlays/-/overlays-3.8.7.tgz",
      "integrity": "sha512-zCOYvI4at2DkhVpviIClJ7bRrLXYhSg3Z3v9xymuPH3mkiuuP/dm8mUCtkyY4UhVeUTHmrQh1bzaOP00A+SSQA==",
      "peer": true,
      "dependencies": {
        "@react-types/shared": "^3.23.1"
      },
      "peerDependencies": {
        "react": "^16.8.0 || ^17.0.0-rc.1 || ^18.0.0"
      }
    },
    "node_modules/@react-types/provider": {
      "version": "3.8.1",
      "resolved": "https://registry.npmjs.org/@react-types/provider/-/provider-3.8.1.tgz",
      "integrity": "sha512-Sm59ufxdHh6fGfeUbviNQhRvtI0FMEX1gn9Okc8nL7iTVbAAitT746x0itM+xwhFLDI6gSY8FILDWc5/kIxzxA==",
      "peer": true,
      "dependencies": {
        "@react-types/shared": "^3.23.1"
      },
      "peerDependencies": {
        "react": "^16.8.0 || ^17.0.0-rc.1 || ^18.0.0"
      }
    },
    "node_modules/@react-types/shared": {
      "version": "3.23.1",
      "resolved": "https://registry.npmjs.org/@react-types/shared/-/shared-3.23.1.tgz",
      "integrity": "sha512-5d+3HbFDxGZjhbMBeFHRQhexMFt4pUce3okyRtUVKbbedQFUrtXSBg9VszgF2RTeQDKDkMCIQDtz5ccP/Lk1gw==",
      "peerDependencies": {
        "react": "^16.8.0 || ^17.0.0-rc.1 || ^18.0.0"
      }
    },
    "node_modules/@spectrum-icons/workflow": {
      "version": "4.2.12",
      "resolved": "https://registry.npmjs.org/@spectrum-icons/workflow/-/workflow-4.2.12.tgz",
      "integrity": "sha512-xuyytdlM09DEZO7/vSp5z8Y2RYNXL4OOYSmOaWXeYgIa3iPNKz0HW+iVR2P+Ht0iBtKjPvRobbEFb0k280U4yQ==",
      "dependencies": {
        "@adobe/react-spectrum-workflow": "2.3.4",
        "@react-spectrum/icon": "^3.7.13",
        "@swc/helpers": "^0.5.0"
      },
      "peerDependencies": {
        "@react-spectrum/provider": "^3.0.0",
        "react": "^16.8.0 || ^17.0.0-rc.1 || ^18.0.0"
      }
    },
    "node_modules/@swc/helpers": {
      "version": "0.5.11",
      "resolved": "https://registry.npmjs.org/@swc/helpers/-/helpers-0.5.11.tgz",
      "integrity": "sha512-YNlnKRWF2sVojTpIyzwou9XoTNbzbzONwRhOoniEioF1AtaitTvVZblaQRrAzChWQ1bLYyYSWzM18y4WwgzJ+A==",
      "dependencies": {
        "tslib": "^2.4.0"
      }
    },
    "node_modules/allotment": {
      "version": "1.20.2",
      "resolved": "https://registry.npmjs.org/allotment/-/allotment-1.20.2.tgz",
      "integrity": "sha512-TaCuHfYNcsJS9EPk04M7TlG5Rl3vbAdHeAyrTE9D5vbpzV+wxnRoUrulDbfnzaQcPIZKpHJNixDOoZNuzliKEA==",
      "dependencies": {
        "classnames": "^2.3.0",
        "eventemitter3": "^5.0.0",
        "lodash.clamp": "^4.0.0",
        "lodash.debounce": "^4.0.0",
        "lodash.isequal": "^4.5.0",
        "use-resize-observer": "^9.0.0"
      },
      "peerDependencies": {
        "react": "^17.0.0 || ^18.0.0",
        "react-dom": "^17.0.0 || ^18.0.0"
      }
    },
    "node_modules/classnames": {
      "version": "2.5.1",
      "resolved": "https://registry.npmjs.org/classnames/-/classnames-2.5.1.tgz",
      "integrity": "sha512-saHYOzhIQs6wy2sVxTM6bUDsQO4F50V9RQ22qBpEdCW+I+/Wmke2HOl6lS6dTpdxVhb88/I6+Hs+438c3lfUow=="
    },
    "node_modules/clsx": {
      "version": "2.1.1",
      "resolved": "https://registry.npmjs.org/clsx/-/clsx-2.1.1.tgz",
      "integrity": "sha512-eYm0QWBtUrBWZWG0d386OGAw16Z995PiOVo2B7bjWSbHedGl5e0ZWaq65kOGgUSNesEIDkB9ISbTg/JK9dhCZA==",
      "engines": {
        "node": ">=6"
      }
    },
    "node_modules/eventemitter3": {
      "version": "5.0.1",
      "resolved": "https://registry.npmjs.org/eventemitter3/-/eventemitter3-5.0.1.tgz",
      "integrity": "sha512-GWkBvjiSZK87ELrYOSESUYeVIc9mvLLf/nXalMOS5dYrgZq9o5OVkbZAVM06CVxYsCwH9BDZFPlQTlPA1j4ahA=="
    },
    "node_modules/intl-messageformat": {
      "version": "10.5.14",
      "resolved": "https://registry.npmjs.org/intl-messageformat/-/intl-messageformat-10.5.14.tgz",
      "integrity": "sha512-IjC6sI0X7YRjjyVH9aUgdftcmZK7WXdHeil4KwbjDnRWjnVitKpAx3rr6t6di1joFp5188VqKcobOPA6mCLG/w==",
      "dependencies": {
        "@formatjs/ecma402-abstract": "2.0.0",
        "@formatjs/fast-memoize": "2.2.0",
        "@formatjs/icu-messageformat-parser": "2.7.8",
        "tslib": "^2.4.0"
      }
    },
    "node_modules/js-tokens": {
      "version": "4.0.0",
      "resolved": "https://registry.npmjs.org/js-tokens/-/js-tokens-4.0.0.tgz",
      "integrity": "sha512-RdJUflcE3cUzKiMqQgsCu06FPu9UdIJO0beYbPhHN4k6apgJtifcoCtT9bcxOpYBtpD2kCM6Sbzg4CausW/PKQ==",
      "peer": true
    },
    "node_modules/lodash.clamp": {
      "version": "4.0.3",
      "resolved": "https://registry.npmjs.org/lodash.clamp/-/lodash.clamp-4.0.3.tgz",
      "integrity": "sha512-HvzRFWjtcguTW7yd8NJBshuNaCa8aqNFtnswdT7f/cMd/1YKy5Zzoq4W/Oxvnx9l7aeY258uSdDfM793+eLsVg=="
    },
    "node_modules/lodash.debounce": {
      "version": "4.0.8",
      "resolved": "https://registry.npmjs.org/lodash.debounce/-/lodash.debounce-4.0.8.tgz",
      "integrity": "sha512-FT1yDzDYEoYWhnSGnpE/4Kj1fLZkDFyqRb7fNt6FdYOSxlUWAtp42Eh6Wb0rGIv/m9Bgo7x4GhQbm5Ys4SG5ow=="
    },
    "node_modules/lodash.isequal": {
      "version": "4.5.0",
      "resolved": "https://registry.npmjs.org/lodash.isequal/-/lodash.isequal-4.5.0.tgz",
      "integrity": "sha512-pDo3lu8Jhfjqls6GkMgpahsF9kCyayhgykjyLMNFTKWrpVdAQtYyB4muAMWozBB4ig/dtWAmsMxLEI8wuz+DYQ=="
    },
    "node_modules/loose-envify": {
      "version": "1.4.0",
      "resolved": "https://registry.npmjs.org/loose-envify/-/loose-envify-1.4.0.tgz",
      "integrity": "sha512-lyuxPGr/Wfhrlem2CL/UcnUc1zcqKAImBDzukY7Y5F/yQiNdko6+fRLevlw1HgMySw7f611UIY408EtxRSoK3Q==",
      "peer": true,
      "dependencies": {
        "js-tokens": "^3.0.0 || ^4.0.0"
      },
      "bin": {
        "loose-envify": "cli.js"
      }
    },
    "node_modules/react": {
      "version": "18.3.1",
      "resolved": "https://registry.npmjs.org/react/-/react-18.3.1.tgz",
      "integrity": "sha512-wS+hAgJShR0KhEvPJArfuPVN1+Hz1t0Y6n5jLrGQbkb4urgPE/0Rve+1kMB1v/oWgHgm4WIcV+i7F2pTVj+2iQ==",
      "peer": true,
      "dependencies": {
        "loose-envify": "^1.1.0"
      },
      "engines": {
        "node": ">=0.10.0"
      }
    },
    "node_modules/react-dom": {
      "version": "18.3.1",
      "resolved": "https://registry.npmjs.org/react-dom/-/react-dom-18.3.1.tgz",
      "integrity": "sha512-5m4nQKp+rZRb09LNH59GM4BxTh9251/ylbKIbpe7TpGxfJ+9kv6BLkLBXIjjspbgbnIBNqlI23tRnTWT0snUIw==",
      "peer": true,
      "dependencies": {
        "loose-envify": "^1.1.0",
        "scheduler": "^0.23.2"
      },
      "peerDependencies": {
        "react": "^18.3.1"
      }
    },
    "node_modules/scheduler": {
      "version": "0.23.2",
      "resolved": "https://registry.npmjs.org/scheduler/-/scheduler-0.23.2.tgz",
      "integrity": "sha512-UOShsPwz7NrMUqhR6t0hWjFduvOzbtv7toDH1/hIrfRNIDBnnBWd0CwJTGvTpngVlmwGCdP9/Zl/tVrDqcuYzQ==",
      "peer": true,
      "dependencies": {
        "loose-envify": "^1.1.0"
      }
    },
    "node_modules/tslib": {
      "version": "2.6.3",
      "resolved": "https://registry.npmjs.org/tslib/-/tslib-2.6.3.tgz",
      "integrity": "sha512-xNvxJEOUiWPGhUuUdQgAJPKOOJfGnIyKySOc09XkKsgdUV/3E2zvwZYdejjmRgPCgcym1juLH3226yA7sEFJKQ=="
    },
    "node_modules/use-resize-observer": {
      "version": "9.1.0",
      "resolved": "https://registry.npmjs.org/use-resize-observer/-/use-resize-observer-9.1.0.tgz",
      "integrity": "sha512-R25VqO9Wb3asSD4eqtcxk8sJalvIOYBqS8MNZlpDSQ4l4xMQxC/J7Id9HoTqPq8FwULIn0PVW+OAqF2dyYbjow==",
      "dependencies": {
        "@juggle/resize-observer": "^3.3.1"
      },
      "peerDependencies": {
        "react": "16.8.0 - 18",
        "react-dom": "16.8.0 - 18"
      }
    }
  }
}
